// !$*UTF8*$!
{
	archiveVersion = 1;
	classes = {
	};
	objectVersion = 50;
	objects = {

/* Begin PBXBuildFile section */
		084F8446243618C500452BEC /* ResearchKit.framework in Frameworks */ = {isa = PBXBuildFile; fileRef = 084F8445243618C500452BEC /* ResearchKit.framework */; };
		084F8447243618C500452BEC /* ResearchKit.framework in Embed Frameworks */ = {isa = PBXBuildFile; fileRef = 084F8445243618C500452BEC /* ResearchKit.framework */; settings = {ATTRIBUTES = (CodeSignOnCopy, RemoveHeadersOnCopy, ); }; };
		086CEDB52438E8440013B904 /* RCRCOVID19InfoStep.m in Sources */ = {isa = PBXBuildFile; fileRef = 086CEDB42438E8440013B904 /* RCRCOVID19InfoStep.m */; };
		086CEDBB2438FC520013B904 /* RCRBiographicalInfoStep.m in Sources */ = {isa = PBXBuildFile; fileRef = 086CEDBA2438FC520013B904 /* RCRBiographicalInfoStep.m */; };
		086CEDBE2438FD6A0013B904 /* RCRRheumInfoStep.m in Sources */ = {isa = PBXBuildFile; fileRef = 086CEDBD2438FD6A0013B904 /* RCRRheumInfoStep.m */; };
		086CEDC1243900110013B904 /* RCRRheumTreatmentInfoStep.m in Sources */ = {isa = PBXBuildFile; fileRef = 086CEDC0243900110013B904 /* RCRRheumTreatmentInfoStep.m */; };
		086CEDC72439052E0013B904 /* ORKAnswerFormat+YesNoUnknown.m in Sources */ = {isa = PBXBuildFile; fileRef = 086CEDC62439052E0013B904 /* ORKAnswerFormat+YesNoUnknown.m */; };
		086CEDCA243917220013B904 /* RCRMedicationAtDiagnosisStep.m in Sources */ = {isa = PBXBuildFile; fileRef = 086CEDC9243917220013B904 /* RCRMedicationAtDiagnosisStep.m */; };
		086CEDD024391E960013B904 /* RCRRheumTreatmentInfoStep.m in Sources */ = {isa = PBXBuildFile; fileRef = 086CEDCF24391E950013B904 /* RCRRheumTreatmentInfoStep.m */; };
		086CEDD324391EA50013B904 /* RCRMorePatientInfoStep.m in Sources */ = {isa = PBXBuildFile; fileRef = 086CEDD224391EA50013B904 /* RCRMorePatientInfoStep.m */; };
		086CEDD62439215D0013B904 /* RCRLabResultsStep.m in Sources */ = {isa = PBXBuildFile; fileRef = 086CEDD52439215D0013B904 /* RCRLabResultsStep.m */; };
		08B1F6C12436165100B8348E /* AppDelegate.m in Sources */ = {isa = PBXBuildFile; fileRef = 08B1F6C02436165100B8348E /* AppDelegate.m */; };
		08B1F6C42436165100B8348E /* SceneDelegate.m in Sources */ = {isa = PBXBuildFile; fileRef = 08B1F6C32436165100B8348E /* SceneDelegate.m */; };
		08B1F6C72436165100B8348E /* ViewController.m in Sources */ = {isa = PBXBuildFile; fileRef = 08B1F6C62436165100B8348E /* ViewController.m */; };
		08B1F6CA2436165100B8348E /* Main.storyboard in Resources */ = {isa = PBXBuildFile; fileRef = 08B1F6C82436165100B8348E /* Main.storyboard */; };
		08B1F6CC2436165700B8348E /* Assets.xcassets in Resources */ = {isa = PBXBuildFile; fileRef = 08B1F6CB2436165700B8348E /* Assets.xcassets */; };
		08B1F6CF2436165700B8348E /* LaunchScreen.storyboard in Resources */ = {isa = PBXBuildFile; fileRef = 08B1F6CD2436165700B8348E /* LaunchScreen.storyboard */; };
		08B1F6D22436165700B8348E /* main.m in Sources */ = {isa = PBXBuildFile; fileRef = 08B1F6D12436165700B8348E /* main.m */; };
		08E31D0524362DF000398107 /* RCRRegistryEntryTask.m in Sources */ = {isa = PBXBuildFile; fileRef = 08E31D0424362DF000398107 /* RCRRegistryEntryTask.m */; };
/* End PBXBuildFile section */

/* Begin PBXCopyFilesBuildPhase section */
		084F8444243618BF00452BEC /* Embed Frameworks */ = {
			isa = PBXCopyFilesBuildPhase;
			buildActionMask = 2147483647;
			dstPath = "";
			dstSubfolderSpec = 10;
			files = (
				084F8447243618C500452BEC /* ResearchKit.framework in Embed Frameworks */,
			);
			name = "Embed Frameworks";
			runOnlyForDeploymentPostprocessing = 0;
		};
/* End PBXCopyFilesBuildPhase section */

/* Begin PBXFileReference section */
		084F8441243618BF00452BEC /* APCAppCore.framework */ = {isa = PBXFileReference; explicitFileType = wrapper.framework; path = APCAppCore.framework; sourceTree = BUILT_PRODUCTS_DIR; };
		084F8445243618C500452BEC /* ResearchKit.framework */ = {isa = PBXFileReference; explicitFileType = wrapper.framework; path = ResearchKit.framework; sourceTree = BUILT_PRODUCTS_DIR; };
		084F846824361B8200452BEC /* BridgeSDK.framework */ = {isa = PBXFileReference; explicitFileType = wrapper.framework; path = BridgeSDK.framework; sourceTree = BUILT_PRODUCTS_DIR; };
		086CEDB32438E8440013B904 /* RCRCOVID19InfoStep.h */ = {isa = PBXFileReference; lastKnownFileType = sourcecode.c.h; name = RCRCOVID19InfoStep.h; path = steps/RCRCOVID19InfoStep.h; sourceTree = "<group>"; };
		086CEDB42438E8440013B904 /* RCRCOVID19InfoStep.m */ = {isa = PBXFileReference; lastKnownFileType = sourcecode.c.objc; name = RCRCOVID19InfoStep.m; path = steps/RCRCOVID19InfoStep.m; sourceTree = "<group>"; };
		086CEDB92438FC1E0013B904 /* RCRBiographicalInfoStep.h */ = {isa = PBXFileReference; fileEncoding = 4; lastKnownFileType = sourcecode.c.h; name = RCRBiographicalInfoStep.h; path = steps/RCRBiographicalInfoStep.h; sourceTree = "<group>"; };
		086CEDBA2438FC520013B904 /* RCRBiographicalInfoStep.m */ = {isa = PBXFileReference; fileEncoding = 4; lastKnownFileType = sourcecode.c.objc; name = RCRBiographicalInfoStep.m; path = steps/RCRBiographicalInfoStep.m; sourceTree = "<group>"; };
		086CEDBC2438FD6A0013B904 /* RCRRheumInfoStep.h */ = {isa = PBXFileReference; lastKnownFileType = sourcecode.c.h; name = RCRRheumInfoStep.h; path = steps/RCRRheumInfoStep.h; sourceTree = "<group>"; };
		086CEDBD2438FD6A0013B904 /* RCRRheumInfoStep.m */ = {isa = PBXFileReference; lastKnownFileType = sourcecode.c.objc; name = RCRRheumInfoStep.m; path = steps/RCRRheumInfoStep.m; sourceTree = "<group>"; };
		086CEDBF243900110013B904 /* RCRRheumTreatmentInfoStep.h */ = {isa = PBXFileReference; lastKnownFileType = sourcecode.c.h; name = RCRRheumTreatmentInfoStep.h; path = steps/RCRRheumTreatmentInfoStep.h; sourceTree = "<group>"; };
		086CEDC0243900110013B904 /* RCRRheumTreatmentInfoStep.m */ = {isa = PBXFileReference; lastKnownFileType = sourcecode.c.objc; name = RCRRheumTreatmentInfoStep.m; path = steps/RCRRheumTreatmentInfoStep.m; sourceTree = "<group>"; };
		086CEDC52439052E0013B904 /* ORKAnswerFormat+YesNoUnknown.h */ = {isa = PBXFileReference; lastKnownFileType = sourcecode.c.h; path = "ORKAnswerFormat+YesNoUnknown.h"; sourceTree = "<group>"; };
		086CEDC62439052E0013B904 /* ORKAnswerFormat+YesNoUnknown.m */ = {isa = PBXFileReference; lastKnownFileType = sourcecode.c.objc; path = "ORKAnswerFormat+YesNoUnknown.m"; sourceTree = "<group>"; };
		086CEDC8243917220013B904 /* RCRMedicationAtDiagnosisStep.h */ = {isa = PBXFileReference; lastKnownFileType = sourcecode.c.h; name = RCRMedicationAtDiagnosisStep.h; path = steps/RCRMedicationAtDiagnosisStep.h; sourceTree = "<group>"; };
		086CEDC9243917220013B904 /* RCRMedicationAtDiagnosisStep.m */ = {isa = PBXFileReference; lastKnownFileType = sourcecode.c.objc; name = RCRMedicationAtDiagnosisStep.m; path = steps/RCRMedicationAtDiagnosisStep.m; sourceTree = "<group>"; };
		086CEDCE24391E950013B904 /* RCRRheumTreatmentInfoStep.h */ = {isa = PBXFileReference; fileEncoding = 4; lastKnownFileType = sourcecode.c.h; name = RCRRheumTreatmentInfoStep.h; path = steps/RCRRheumTreatmentInfoStep.h; sourceTree = "<group>"; };
		086CEDCF24391E950013B904 /* RCRRheumTreatmentInfoStep.m */ = {isa = PBXFileReference; fileEncoding = 4; lastKnownFileType = sourcecode.c.objc; name = RCRRheumTreatmentInfoStep.m; path = steps/RCRRheumTreatmentInfoStep.m; sourceTree = "<group>"; };
		086CEDD124391EA50013B904 /* RCRMorePatientInfoStep.h */ = {isa = PBXFileReference; fileEncoding = 4; lastKnownFileType = sourcecode.c.h; name = RCRMorePatientInfoStep.h; path = steps/RCRMorePatientInfoStep.h; sourceTree = "<group>"; };
		086CEDD224391EA50013B904 /* RCRMorePatientInfoStep.m */ = {isa = PBXFileReference; fileEncoding = 4; lastKnownFileType = sourcecode.c.objc; name = RCRMorePatientInfoStep.m; path = steps/RCRMorePatientInfoStep.m; sourceTree = "<group>"; };
		086CEDD42439215D0013B904 /* RCRLabResultsStep.h */ = {isa = PBXFileReference; lastKnownFileType = sourcecode.c.h; name = RCRLabResultsStep.h; path = steps/RCRLabResultsStep.h; sourceTree = "<group>"; };
		086CEDD52439215D0013B904 /* RCRLabResultsStep.m */ = {isa = PBXFileReference; lastKnownFileType = sourcecode.c.objc; name = RCRLabResultsStep.m; path = steps/RCRLabResultsStep.m; sourceTree = "<group>"; };
		08B1F6BC2436165100B8348E /* COVID-19 Registry.app */ = {isa = PBXFileReference; explicitFileType = wrapper.application; includeInIndex = 0; path = "COVID-19 Registry.app"; sourceTree = BUILT_PRODUCTS_DIR; };
		08B1F6BF2436165100B8348E /* AppDelegate.h */ = {isa = PBXFileReference; lastKnownFileType = sourcecode.c.h; path = AppDelegate.h; sourceTree = "<group>"; };
		08B1F6C02436165100B8348E /* AppDelegate.m */ = {isa = PBXFileReference; lastKnownFileType = sourcecode.c.objc; path = AppDelegate.m; sourceTree = "<group>"; };
		08B1F6C22436165100B8348E /* SceneDelegate.h */ = {isa = PBXFileReference; lastKnownFileType = sourcecode.c.h; path = SceneDelegate.h; sourceTree = "<group>"; };
		08B1F6C32436165100B8348E /* SceneDelegate.m */ = {isa = PBXFileReference; lastKnownFileType = sourcecode.c.objc; path = SceneDelegate.m; sourceTree = "<group>"; };
		08B1F6C52436165100B8348E /* ViewController.h */ = {isa = PBXFileReference; lastKnownFileType = sourcecode.c.h; path = ViewController.h; sourceTree = "<group>"; };
		08B1F6C62436165100B8348E /* ViewController.m */ = {isa = PBXFileReference; lastKnownFileType = sourcecode.c.objc; path = ViewController.m; sourceTree = "<group>"; };
		08B1F6C92436165100B8348E /* Base */ = {isa = PBXFileReference; lastKnownFileType = file.storyboard; name = Base; path = Base.lproj/Main.storyboard; sourceTree = "<group>"; };
		08B1F6CB2436165700B8348E /* Assets.xcassets */ = {isa = PBXFileReference; lastKnownFileType = folder.assetcatalog; path = Assets.xcassets; sourceTree = "<group>"; };
		08B1F6CE2436165700B8348E /* Base */ = {isa = PBXFileReference; lastKnownFileType = file.storyboard; name = Base; path = Base.lproj/LaunchScreen.storyboard; sourceTree = "<group>"; };
		08B1F6D02436165700B8348E /* Info.plist */ = {isa = PBXFileReference; lastKnownFileType = text.plist.xml; path = Info.plist; sourceTree = "<group>"; };
		08B1F6D12436165700B8348E /* main.m */ = {isa = PBXFileReference; lastKnownFileType = sourcecode.c.objc; path = main.m; sourceTree = "<group>"; };
		08E31D0224362CDF00398107 /* RCRSteps.h */ = {isa = PBXFileReference; lastKnownFileType = sourcecode.c.h; path = RCRSteps.h; sourceTree = "<group>"; };
		08E31D0324362DF000398107 /* RCRRegistryEntryTask.h */ = {isa = PBXFileReference; lastKnownFileType = sourcecode.c.h; path = RCRRegistryEntryTask.h; sourceTree = "<group>"; };
		08E31D0424362DF000398107 /* RCRRegistryEntryTask.m */ = {isa = PBXFileReference; lastKnownFileType = sourcecode.c.objc; path = RCRRegistryEntryTask.m; sourceTree = "<group>"; };
/* End PBXFileReference section */

/* Begin PBXFrameworksBuildPhase section */
		08B1F6B92436165100B8348E /* Frameworks */ = {
			isa = PBXFrameworksBuildPhase;
			buildActionMask = 2147483647;
			files = (
				084F8446243618C500452BEC /* ResearchKit.framework in Frameworks */,
			);
			runOnlyForDeploymentPostprocessing = 0;
		};
/* End PBXFrameworksBuildPhase section */

/* Begin PBXGroup section */
		084F8440243618BF00452BEC /* Frameworks */ = {
			isa = PBXGroup;
			children = (
				084F846824361B8200452BEC /* BridgeSDK.framework */,
				084F8445243618C500452BEC /* ResearchKit.framework */,
				084F8441243618BF00452BEC /* APCAppCore.framework */,
			);
			name = Frameworks;
			sourceTree = "<group>";
		};
		08B1F6B32436165100B8348E = {
			isa = PBXGroup;
			children = (
				08B1F6BE2436165100B8348E /* COVID-19 Registry */,
				08B1F6BD2436165100B8348E /* Products */,
				084F8440243618BF00452BEC /* Frameworks */,
			);
			sourceTree = "<group>";
		};
		08B1F6BD2436165100B8348E /* Products */ = {
			isa = PBXGroup;
			children = (
				08B1F6BC2436165100B8348E /* COVID-19 Registry.app */,
			);
			name = Products;
			sourceTree = "<group>";
		};
		08B1F6BE2436165100B8348E /* COVID-19 Registry */ = {
			isa = PBXGroup;
			children = (
				08B1F6BF2436165100B8348E /* AppDelegate.h */,
				08B1F6C02436165100B8348E /* AppDelegate.m */,
				08B1F6C22436165100B8348E /* SceneDelegate.h */,
				08B1F6C32436165100B8348E /* SceneDelegate.m */,
				08B1F6C52436165100B8348E /* ViewController.h */,
				08B1F6C62436165100B8348E /* ViewController.m */,
				08B1F6C82436165100B8348E /* Main.storyboard */,
				08E31D082436382200398107 /* Steps */,
				08E31D0324362DF000398107 /* RCRRegistryEntryTask.h */,
				08E31D0424362DF000398107 /* RCRRegistryEntryTask.m */,
				086CEDC52439052E0013B904 /* ORKAnswerFormat+YesNoUnknown.h */,
				086CEDC62439052E0013B904 /* ORKAnswerFormat+YesNoUnknown.m */,
				08B1F6CB2436165700B8348E /* Assets.xcassets */,
				08B1F6CD2436165700B8348E /* LaunchScreen.storyboard */,
				08B1F6D02436165700B8348E /* Info.plist */,
				08B1F6D12436165700B8348E /* main.m */,
			);
			path = "COVID-19 Registry";
			sourceTree = "<group>";
		};
		08E31D082436382200398107 /* Steps */ = {
			isa = PBXGroup;
			children = (
				08E31D0224362CDF00398107 /* RCRSteps.h */,
				086CEDB92438FC1E0013B904 /* RCRBiographicalInfoStep.h */,
				086CEDBA2438FC520013B904 /* RCRBiographicalInfoStep.m */,
				086CEDB32438E8440013B904 /* RCRCOVID19InfoStep.h */,
				086CEDB42438E8440013B904 /* RCRCOVID19InfoStep.m */,
				086CEDBC2438FD6A0013B904 /* RCRRheumInfoStep.h */,
				086CEDBD2438FD6A0013B904 /* RCRRheumInfoStep.m */,
				086CEDBF243900110013B904 /* RCRRheumTreatmentInfoStep.h */,
				086CEDC0243900110013B904 /* RCRRheumTreatmentInfoStep.m */,
				086CEDD124391EA50013B904 /* RCRMorePatientInfoStep.h */,
				086CEDD224391EA50013B904 /* RCRMorePatientInfoStep.m */,
				086CEDD42439215D0013B904 /* RCRLabResultsStep.h */,
				086CEDD52439215D0013B904 /* RCRLabResultsStep.m */,
				086CEDC8243917220013B904 /* RCRMedicationAtDiagnosisStep.h */,
				086CEDC9243917220013B904 /* RCRMedicationAtDiagnosisStep.m */,
				086CEDCE24391E950013B904 /* RCRRheumTreatmentInfoStep.h */,
				086CEDCF24391E950013B904 /* RCRRheumTreatmentInfoStep.m */,
			);
			name = Steps;
			sourceTree = "<group>";
		};
/* End PBXGroup section */

/* Begin PBXNativeTarget section */
		08B1F6BB2436165100B8348E /* COVID-19 Registry */ = {
			isa = PBXNativeTarget;
			buildConfigurationList = 08B1F6D52436165700B8348E /* Build configuration list for PBXNativeTarget "COVID-19 Registry" */;
			buildPhases = (
				08B1F6B82436165100B8348E /* Sources */,
				08B1F6B92436165100B8348E /* Frameworks */,
				08B1F6BA2436165100B8348E /* Resources */,
				084F8444243618BF00452BEC /* Embed Frameworks */,
			);
			buildRules = (
			);
			dependencies = (
			);
			name = "COVID-19 Registry";
			productName = "COVID-19 Registry";
			productReference = 08B1F6BC2436165100B8348E /* COVID-19 Registry.app */;
			productType = "com.apple.product-type.application";
		};
/* End PBXNativeTarget section */

/* Begin PBXProject section */
		08B1F6B42436165100B8348E /* Project object */ = {
			isa = PBXProject;
			attributes = {
				LastUpgradeCheck = 1140;
				TargetAttributes = {
					08B1F6BB2436165100B8348E = {
						CreatedOnToolsVersion = 11.4;
					};
				};
			};
			buildConfigurationList = 08B1F6B72436165100B8348E /* Build configuration list for PBXProject "COVID-19 Registry" */;
			compatibilityVersion = "Xcode 9.3";
			developmentRegion = en;
			hasScannedForEncodings = 0;
			knownRegions = (
				en,
				Base,
			);
			mainGroup = 08B1F6B32436165100B8348E;
			productRefGroup = 08B1F6BD2436165100B8348E /* Products */;
			projectDirPath = "";
			projectRoot = "";
			targets = (
				08B1F6BB2436165100B8348E /* COVID-19 Registry */,
			);
		};
/* End PBXProject section */

/* Begin PBXResourcesBuildPhase section */
		08B1F6BA2436165100B8348E /* Resources */ = {
			isa = PBXResourcesBuildPhase;
			buildActionMask = 2147483647;
			files = (
				08B1F6CF2436165700B8348E /* LaunchScreen.storyboard in Resources */,
				08B1F6CC2436165700B8348E /* Assets.xcassets in Resources */,
				08B1F6CA2436165100B8348E /* Main.storyboard in Resources */,
			);
			runOnlyForDeploymentPostprocessing = 0;
		};
/* End PBXResourcesBuildPhase section */

/* Begin PBXSourcesBuildPhase section */
		08B1F6B82436165100B8348E /* Sources */ = {
			isa = PBXSourcesBuildPhase;
			buildActionMask = 2147483647;
			files = (
				086CEDB52438E8440013B904 /* RCRCOVID19InfoStep.m in Sources */,
				08B1F6C72436165100B8348E /* ViewController.m in Sources */,
				086CEDBB2438FC520013B904 /* RCRBiographicalInfoStep.m in Sources */,
				08B1F6C12436165100B8348E /* AppDelegate.m in Sources */,
				086CEDD324391EA50013B904 /* RCRMorePatientInfoStep.m in Sources */,
				086CEDC1243900110013B904 /* RCRRheumTreatmentInfoStep.m in Sources */,
				08E31D0524362DF000398107 /* RCRRegistryEntryTask.m in Sources */,
				086CEDD024391E960013B904 /* RCRRheumTreatmentInfoStep.m in Sources */,
				086CEDCA243917220013B904 /* RCRMedicationAtDiagnosisStep.m in Sources */,
				086CEDC72439052E0013B904 /* ORKAnswerFormat+YesNoUnknown.m in Sources */,
				086CEDBE2438FD6A0013B904 /* RCRRheumInfoStep.m in Sources */,
				08B1F6D22436165700B8348E /* main.m in Sources */,
				086CEDD62439215D0013B904 /* RCRLabResultsStep.m in Sources */,
				08B1F6C42436165100B8348E /* SceneDelegate.m in Sources */,
			);
			runOnlyForDeploymentPostprocessing = 0;
		};
/* End PBXSourcesBuildPhase section */

/* Begin PBXVariantGroup section */
		08B1F6C82436165100B8348E /* Main.storyboard */ = {
			isa = PBXVariantGroup;
			children = (
				08B1F6C92436165100B8348E /* Base */,
			);
			name = Main.storyboard;
			sourceTree = "<group>";
		};
		08B1F6CD2436165700B8348E /* LaunchScreen.storyboard */ = {
			isa = PBXVariantGroup;
			children = (
				08B1F6CE2436165700B8348E /* Base */,
			);
			name = LaunchScreen.storyboard;
			sourceTree = "<group>";
		};
/* End PBXVariantGroup section */

/* Begin XCBuildConfiguration section */
		08B1F6D32436165700B8348E /* Debug */ = {
			isa = XCBuildConfiguration;
			buildSettings = {
				ALWAYS_SEARCH_USER_PATHS = NO;
				CLANG_ANALYZER_NONNULL = YES;
				CLANG_ANALYZER_NUMBER_OBJECT_CONVERSION = YES_AGGRESSIVE;
				CLANG_CXX_LANGUAGE_STANDARD = "gnu++14";
				CLANG_CXX_LIBRARY = "libc++";
				CLANG_ENABLE_MODULES = YES;
				CLANG_ENABLE_OBJC_ARC = YES;
				CLANG_ENABLE_OBJC_WEAK = YES;
				CLANG_WARN_BLOCK_CAPTURE_AUTORELEASING = YES;
				CLANG_WARN_BOOL_CONVERSION = YES;
				CLANG_WARN_COMMA = YES;
				CLANG_WARN_CONSTANT_CONVERSION = YES;
				CLANG_WARN_DEPRECATED_OBJC_IMPLEMENTATIONS = YES;
				CLANG_WARN_DIRECT_OBJC_ISA_USAGE = YES_ERROR;
				CLANG_WARN_DOCUMENTATION_COMMENTS = YES;
				CLANG_WARN_EMPTY_BODY = YES;
				CLANG_WARN_ENUM_CONVERSION = YES;
				CLANG_WARN_INFINITE_RECURSION = YES;
				CLANG_WARN_INT_CONVERSION = YES;
				CLANG_WARN_NON_LITERAL_NULL_CONVERSION = YES;
				CLANG_WARN_OBJC_IMPLICIT_RETAIN_SELF = YES;
				CLANG_WARN_OBJC_LITERAL_CONVERSION = YES;
				CLANG_WARN_OBJC_ROOT_CLASS = YES_ERROR;
				CLANG_WARN_RANGE_LOOP_ANALYSIS = YES;
				CLANG_WARN_STRICT_PROTOTYPES = YES;
				CLANG_WARN_SUSPICIOUS_MOVE = YES;
				CLANG_WARN_UNGUARDED_AVAILABILITY = YES_AGGRESSIVE;
				CLANG_WARN_UNREACHABLE_CODE = YES;
				CLANG_WARN__DUPLICATE_METHOD_MATCH = YES;
				COPY_PHASE_STRIP = NO;
				DEBUG_INFORMATION_FORMAT = dwarf;
				ENABLE_STRICT_OBJC_MSGSEND = YES;
				ENABLE_TESTABILITY = YES;
				GCC_C_LANGUAGE_STANDARD = gnu11;
				GCC_DYNAMIC_NO_PIC = NO;
				GCC_NO_COMMON_BLOCKS = YES;
				GCC_OPTIMIZATION_LEVEL = 0;
				GCC_PREPROCESSOR_DEFINITIONS = (
					"DEBUG=1",
					"$(inherited)",
				);
				GCC_WARN_64_TO_32_BIT_CONVERSION = YES;
				GCC_WARN_ABOUT_RETURN_TYPE = YES_ERROR;
				GCC_WARN_UNDECLARED_SELECTOR = YES;
				GCC_WARN_UNINITIALIZED_AUTOS = YES_AGGRESSIVE;
				GCC_WARN_UNUSED_FUNCTION = YES;
				GCC_WARN_UNUSED_VARIABLE = YES;
				IPHONEOS_DEPLOYMENT_TARGET = 13.4;
				MTL_ENABLE_DEBUG_INFO = INCLUDE_SOURCE;
				MTL_FAST_MATH = YES;
				ONLY_ACTIVE_ARCH = YES;
				SDKROOT = iphoneos;
			};
			name = Debug;
		};
		08B1F6D42436165700B8348E /* Release */ = {
			isa = XCBuildConfiguration;
			buildSettings = {
				ALWAYS_SEARCH_USER_PATHS = NO;
				CLANG_ANALYZER_NONNULL = YES;
				CLANG_ANALYZER_NUMBER_OBJECT_CONVERSION = YES_AGGRESSIVE;
				CLANG_CXX_LANGUAGE_STANDARD = "gnu++14";
				CLANG_CXX_LIBRARY = "libc++";
				CLANG_ENABLE_MODULES = YES;
				CLANG_ENABLE_OBJC_ARC = YES;
				CLANG_ENABLE_OBJC_WEAK = YES;
				CLANG_WARN_BLOCK_CAPTURE_AUTORELEASING = YES;
				CLANG_WARN_BOOL_CONVERSION = YES;
				CLANG_WARN_COMMA = YES;
				CLANG_WARN_CONSTANT_CONVERSION = YES;
				CLANG_WARN_DEPRECATED_OBJC_IMPLEMENTATIONS = YES;
				CLANG_WARN_DIRECT_OBJC_ISA_USAGE = YES_ERROR;
				CLANG_WARN_DOCUMENTATION_COMMENTS = YES;
				CLANG_WARN_EMPTY_BODY = YES;
				CLANG_WARN_ENUM_CONVERSION = YES;
				CLANG_WARN_INFINITE_RECURSION = YES;
				CLANG_WARN_INT_CONVERSION = YES;
				CLANG_WARN_NON_LITERAL_NULL_CONVERSION = YES;
				CLANG_WARN_OBJC_IMPLICIT_RETAIN_SELF = YES;
				CLANG_WARN_OBJC_LITERAL_CONVERSION = YES;
				CLANG_WARN_OBJC_ROOT_CLASS = YES_ERROR;
				CLANG_WARN_RANGE_LOOP_ANALYSIS = YES;
				CLANG_WARN_STRICT_PROTOTYPES = YES;
				CLANG_WARN_SUSPICIOUS_MOVE = YES;
				CLANG_WARN_UNGUARDED_AVAILABILITY = YES_AGGRESSIVE;
				CLANG_WARN_UNREACHABLE_CODE = YES;
				CLANG_WARN__DUPLICATE_METHOD_MATCH = YES;
				COPY_PHASE_STRIP = NO;
				DEBUG_INFORMATION_FORMAT = "dwarf-with-dsym";
				ENABLE_NS_ASSERTIONS = NO;
				ENABLE_STRICT_OBJC_MSGSEND = YES;
				GCC_C_LANGUAGE_STANDARD = gnu11;
				GCC_NO_COMMON_BLOCKS = YES;
				GCC_WARN_64_TO_32_BIT_CONVERSION = YES;
				GCC_WARN_ABOUT_RETURN_TYPE = YES_ERROR;
				GCC_WARN_UNDECLARED_SELECTOR = YES;
				GCC_WARN_UNINITIALIZED_AUTOS = YES_AGGRESSIVE;
				GCC_WARN_UNUSED_FUNCTION = YES;
				GCC_WARN_UNUSED_VARIABLE = YES;
				IPHONEOS_DEPLOYMENT_TARGET = 13.4;
				MTL_ENABLE_DEBUG_INFO = NO;
				MTL_FAST_MATH = YES;
				SDKROOT = iphoneos;
				VALIDATE_PRODUCT = YES;
			};
			name = Release;
		};
		08B1F6D62436165700B8348E /* Debug */ = {
			isa = XCBuildConfiguration;
			buildSettings = {
				ASSETCATALOG_COMPILER_APPICON_NAME = AppIcon;
				CODE_SIGN_STYLE = Manual;
				DEVELOPMENT_TEAM = "";
				INFOPLIST_FILE = "COVID-19 Registry/Info.plist";
				LD_RUNPATH_SEARCH_PATHS = (
					"$(inherited)",
					"@executable_path/Frameworks",
				);
				PRODUCT_BUNDLE_IDENTIFIER = "org.rheum-covid.COVID-19-Registry";
				PRODUCT_NAME = "$(TARGET_NAME)";
				PROVISIONING_PROFILE_SPECIFIER = "";
				TARGETED_DEVICE_FAMILY = "1,2";
			};
			name = Debug;
		};
		08B1F6D72436165700B8348E /* Release */ = {
			isa = XCBuildConfiguration;
			buildSettings = {
				ASSETCATALOG_COMPILER_APPICON_NAME = AppIcon;
				CODE_SIGN_STYLE = Manual;
				DEVELOPMENT_TEAM = "";
				INFOPLIST_FILE = "COVID-19 Registry/Info.plist";
				LD_RUNPATH_SEARCH_PATHS = (
					"$(inherited)",
					"@executable_path/Frameworks",
				);
				PRODUCT_BUNDLE_IDENTIFIER = "org.rheum-covid.COVID-19-Registry";
				PRODUCT_NAME = "$(TARGET_NAME)";
				PROVISIONING_PROFILE_SPECIFIER = "";
				TARGETED_DEVICE_FAMILY = "1,2";
			};
			name = Release;
		};
/* End XCBuildConfiguration section */

/* Begin XCConfigurationList section */
		08B1F6B72436165100B8348E /* Build configuration list for PBXProject "COVID-19 Registry" */ = {
			isa = XCConfigurationList;
			buildConfigurations = (
				08B1F6D32436165700B8348E /* Debug */,
				08B1F6D42436165700B8348E /* Release */,
			);
			defaultConfigurationIsVisible = 0;
			defaultConfigurationName = Release;
		};
		08B1F6D52436165700B8348E /* Build configuration list for PBXNativeTarget "COVID-19 Registry" */ = {
			isa = XCConfigurationList;
			buildConfigurations = (
				08B1F6D62436165700B8348E /* Debug */,
				08B1F6D72436165700B8348E /* Release */,
			);
			defaultConfigurationIsVisible = 0;
			defaultConfigurationName = Release;
		};
/* End XCConfigurationList section */
	};
	rootObject = 08B1F6B42436165100B8348E /* Project object */;
}
